// !$*UTF8*$!
{
	archiveVersion = 1;
	classes = {
	};
	objectVersion = 55;
	objects = {

/* Begin PBXBuildFile section */
		291C158D2818722E00A89846 /* stockProjectApp.swift in Sources */ = {isa = PBXBuildFile; fileRef = 291C158C2818722E00A89846 /* stockProjectApp.swift */; };
		291C158F2818722E00A89846 /* ContentView.swift in Sources */ = {isa = PBXBuildFile; fileRef = 291C158E2818722E00A89846 /* ContentView.swift */; };
		291C15912818723000A89846 /* Assets.xcassets in Resources */ = {isa = PBXBuildFile; fileRef = 291C15902818723000A89846 /* Assets.xcassets */; };
		291C15942818723000A89846 /* Preview Assets.xcassets in Resources */ = {isa = PBXBuildFile; fileRef = 291C15932818723000A89846 /* Preview Assets.xcassets */; };
		291C159E2818723000A89846 /* stockProjectTests.swift in Sources */ = {isa = PBXBuildFile; fileRef = 291C159D2818723000A89846 /* stockProjectTests.swift */; };
		291C15A82818723000A89846 /* stockProjectUITests.swift in Sources */ = {isa = PBXBuildFile; fileRef = 291C15A72818723000A89846 /* stockProjectUITests.swift */; };
		291C15AA2818723000A89846 /* stockProjectUITestsLaunchTests.swift in Sources */ = {isa = PBXBuildFile; fileRef = 291C15A92818723000A89846 /* stockProjectUITestsLaunchTests.swift */; };
		2922965D283FA2AC00C5E888 /* FirebaseAuth in Frameworks */ = {isa = PBXBuildFile; productRef = 2922965C283FA2AC00C5E888 /* FirebaseAuth */; };
		2922965F283FA2AC00C5E888 /* FirebaseFirestore in Frameworks */ = {isa = PBXBuildFile; productRef = 2922965E283FA2AC00C5E888 /* FirebaseFirestore */; };
		29229661283FA2AC00C5E888 /* FirebaseFirestoreSwift in Frameworks */ = {isa = PBXBuildFile; productRef = 29229660283FA2AC00C5E888 /* FirebaseFirestoreSwift */; };
		29229663283FA2AC00C5E888 /* FirebaseMessaging in Frameworks */ = {isa = PBXBuildFile; productRef = 29229662283FA2AC00C5E888 /* FirebaseMessaging */; };
		292BBF9F2879D63100C7F4BF /* Checkmark.swift in Sources */ = {isa = PBXBuildFile; fileRef = 292BBF9E2879D63100C7F4BF /* Checkmark.swift */; };
		292BBFA12879DF1C00C7F4BF /* CheckmarkLabel.swift in Sources */ = {isa = PBXBuildFile; fileRef = 292BBFA02879DF1C00C7F4BF /* CheckmarkLabel.swift */; };
		292BBFA32879DF5200C7F4BF /* TextExtension.swift in Sources */ = {isa = PBXBuildFile; fileRef = 292BBFA22879DF5200C7F4BF /* TextExtension.swift */; };
		292BBFA5287DB6B600C7F4BF /* Launch Screen.storyboard in Resources */ = {isa = PBXBuildFile; fileRef = 292BBFA4287DB6B600C7F4BF /* Launch Screen.storyboard */; };
		292F7FAE283FECE7004F6FD4 /* GoogleService-Info.plist in Resources */ = {isa = PBXBuildFile; fileRef = 292F7FAD283FECD6004F6FD4 /* GoogleService-Info.plist */; };
		2954505D283FB79300790C2D /* FirebaseClient.swift in Sources */ = {isa = PBXBuildFile; fileRef = 2954505C283FB79300790C2D /* FirebaseClient.swift */; };
		29545063283FD35100790C2D /* APIClient.swift in Sources */ = {isa = PBXBuildFile; fileRef = 29545062283FD35100790C2D /* APIClient.swift */; };
		299653D5286F2E7700EA4799 /* UserModel.swift in Sources */ = {isa = PBXBuildFile; fileRef = 299653D4286F2E7700EA4799 /* UserModel.swift */; };
		299653D7286F32C400EA4799 /* ListModel.swift in Sources */ = {isa = PBXBuildFile; fileRef = 299653D6286F32C400EA4799 /* ListModel.swift */; };
		299653D9286F332F00EA4799 /* ItemModel.swift in Sources */ = {isa = PBXBuildFile; fileRef = 299653D8286F332F00EA4799 /* ItemModel.swift */; };
		299653DB286F343200EA4799 /* ModelProtocol.swift in Sources */ = {isa = PBXBuildFile; fileRef = 299653DA286F343200EA4799 /* ModelProtocol.swift */; };
		299653DD286F363400EA4799 /* ShoppingItemModel.swift in Sources */ = {isa = PBXBuildFile; fileRef = 299653DC286F363400EA4799 /* ShoppingItemModel.swift */; };
		299653E0286F422100EA4799 /* ListsView.swift in Sources */ = {isa = PBXBuildFile; fileRef = 299653DF286F422100EA4799 /* ListsView.swift */; };
		299653E2286F422900EA4799 /* ListsViewModel.swift in Sources */ = {isa = PBXBuildFile; fileRef = 299653E1286F422900EA4799 /* ListsViewModel.swift */; };
		299653E6286F524300EA4799 /* DevelopmentVariables.swift in Sources */ = {isa = PBXBuildFile; fileRef = 299653E5286F524300EA4799 /* DevelopmentVariables.swift */; };
		299653E8286F612800EA4799 /* ViewExtension.swift in Sources */ = {isa = PBXBuildFile; fileRef = 299653E7286F612800EA4799 /* ViewExtension.swift */; };
		299653EB286F6C0000EA4799 /* ListRow.swift in Sources */ = {isa = PBXBuildFile; fileRef = 299653EA286F6C0000EA4799 /* ListRow.swift */; };
		299653EE286F6C3000EA4799 /* ListIcon.swift in Sources */ = {isa = PBXBuildFile; fileRef = 299653ED286F6C3000EA4799 /* ListIcon.swift */; };
		299653F2286F725800EA4799 /* EmptyView.swift in Sources */ = {isa = PBXBuildFile; fileRef = 299653F1286F725800EA4799 /* EmptyView.swift */; };
		299653F6286F72DC00EA4799 /* ListItemsView.swift in Sources */ = {isa = PBXBuildFile; fileRef = 299653F5286F72DC00EA4799 /* ListItemsView.swift */; };
		299653F8286F72E400EA4799 /* ListItemsViewModel.swift in Sources */ = {isa = PBXBuildFile; fileRef = 299653F7286F72E400EA4799 /* ListItemsViewModel.swift */; };
		299653FC286F78E700EA4799 /* Stepper.swift in Sources */ = {isa = PBXBuildFile; fileRef = 299653FB286F78E700EA4799 /* Stepper.swift */; };
		29C9A1D9287719D5000FDEF8 /* ToastModifier.swift in Sources */ = {isa = PBXBuildFile; fileRef = 29C9A1D8287719D5000FDEF8 /* ToastModifier.swift */; };
		29C9A1DD28771D0D000FDEF8 /* CustomFunctions.swift in Sources */ = {isa = PBXBuildFile; fileRef = 29C9A1DC28771D0D000FDEF8 /* CustomFunctions.swift */; };
		29C9A1E3287856E8000FDEF8 /* Selection.swift in Sources */ = {isa = PBXBuildFile; fileRef = 29C9A1E2287856E8000FDEF8 /* Selection.swift */; };
		29F0EB4B2874B1AB00CA857D /* EditItemView.swift in Sources */ = {isa = PBXBuildFile; fileRef = 29F0EB4A2874B1AB00CA857D /* EditItemView.swift */; };
		29F0EB4D2874B1B400CA857D /* EditItemViewModel.swift in Sources */ = {isa = PBXBuildFile; fileRef = 29F0EB4C2874B1B400CA857D /* EditItemViewModel.swift */; };
		29F0EB502874B69600CA857D /* TextfieldExtension.swift in Sources */ = {isa = PBXBuildFile; fileRef = 29F0EB4F2874B69600CA857D /* TextfieldExtension.swift */; };
		29F0EB562876266800CA857D /* ShoppingListView.swift in Sources */ = {isa = PBXBuildFile; fileRef = 29F0EB552876266800CA857D /* ShoppingListView.swift */; };
		29F0EB582876267000CA857D /* ShoppingListViewModel.swift in Sources */ = {isa = PBXBuildFile; fileRef = 29F0EB572876267000CA857D /* ShoppingListViewModel.swift */; };
		29F43C30287477CF00276EE2 /* EditListViewModel.swift in Sources */ = {isa = PBXBuildFile; fileRef = 29F43C2F287477CF00276EE2 /* EditListViewModel.swift */; };
		29F43C32287477E100276EE2 /* EditListView.swift in Sources */ = {isa = PBXBuildFile; fileRef = 29F43C31287477E100276EE2 /* EditListView.swift */; };
/* End PBXBuildFile section */

/* Begin PBXContainerItemProxy section */
		291C159A2818723000A89846 /* PBXContainerItemProxy */ = {
			isa = PBXContainerItemProxy;
			containerPortal = 291C15812818722E00A89846 /* Project object */;
			proxyType = 1;
			remoteGlobalIDString = 291C15882818722E00A89846;
			remoteInfo = stockProject;
		};
		291C15A42818723000A89846 /* PBXContainerItemProxy */ = {
			isa = PBXContainerItemProxy;
			containerPortal = 291C15812818722E00A89846 /* Project object */;
			proxyType = 1;
			remoteGlobalIDString = 291C15882818722E00A89846;
			remoteInfo = stockProject;
		};
/* End PBXContainerItemProxy section */

/* Begin PBXFileReference section */
		291C15892818722E00A89846 /* stockProject.app */ = {isa = PBXFileReference; explicitFileType = wrapper.application; includeInIndex = 0; path = stockProject.app; sourceTree = BUILT_PRODUCTS_DIR; };
		291C158C2818722E00A89846 /* stockProjectApp.swift */ = {isa = PBXFileReference; lastKnownFileType = sourcecode.swift; path = stockProjectApp.swift; sourceTree = "<group>"; };
		291C158E2818722E00A89846 /* ContentView.swift */ = {isa = PBXFileReference; lastKnownFileType = sourcecode.swift; path = ContentView.swift; sourceTree = "<group>"; };
		291C15902818723000A89846 /* Assets.xcassets */ = {isa = PBXFileReference; lastKnownFileType = folder.assetcatalog; path = Assets.xcassets; sourceTree = "<group>"; };
		291C15932818723000A89846 /* Preview Assets.xcassets */ = {isa = PBXFileReference; lastKnownFileType = folder.assetcatalog; path = "Preview Assets.xcassets"; sourceTree = "<group>"; };
		291C15992818723000A89846 /* stockProjectTests.xctest */ = {isa = PBXFileReference; explicitFileType = wrapper.cfbundle; includeInIndex = 0; path = stockProjectTests.xctest; sourceTree = BUILT_PRODUCTS_DIR; };
		291C159D2818723000A89846 /* stockProjectTests.swift */ = {isa = PBXFileReference; lastKnownFileType = sourcecode.swift; path = stockProjectTests.swift; sourceTree = "<group>"; };
		291C15A32818723000A89846 /* stockProjectUITests.xctest */ = {isa = PBXFileReference; explicitFileType = wrapper.cfbundle; includeInIndex = 0; path = stockProjectUITests.xctest; sourceTree = BUILT_PRODUCTS_DIR; };
		291C15A72818723000A89846 /* stockProjectUITests.swift */ = {isa = PBXFileReference; lastKnownFileType = sourcecode.swift; path = stockProjectUITests.swift; sourceTree = "<group>"; };
		291C15A92818723000A89846 /* stockProjectUITestsLaunchTests.swift */ = {isa = PBXFileReference; lastKnownFileType = sourcecode.swift; path = stockProjectUITestsLaunchTests.swift; sourceTree = "<group>"; };
		292BBF9E2879D63100C7F4BF /* Checkmark.swift */ = {isa = PBXFileReference; lastKnownFileType = sourcecode.swift; path = Checkmark.swift; sourceTree = "<group>"; };
		292BBFA02879DF1C00C7F4BF /* CheckmarkLabel.swift */ = {isa = PBXFileReference; lastKnownFileType = sourcecode.swift; path = CheckmarkLabel.swift; sourceTree = "<group>"; };
		292BBFA22879DF5200C7F4BF /* TextExtension.swift */ = {isa = PBXFileReference; lastKnownFileType = sourcecode.swift; path = TextExtension.swift; sourceTree = "<group>"; };
		292BBFA4287DB6B600C7F4BF /* Launch Screen.storyboard */ = {isa = PBXFileReference; lastKnownFileType = file.storyboard; path = "Launch Screen.storyboard"; sourceTree = "<group>"; };
		292F7FAD283FECD6004F6FD4 /* GoogleService-Info.plist */ = {isa = PBXFileReference; lastKnownFileType = text.plist.xml; path = "GoogleService-Info.plist"; sourceTree = "<group>"; };
		2954505C283FB79300790C2D /* FirebaseClient.swift */ = {isa = PBXFileReference; lastKnownFileType = sourcecode.swift; path = FirebaseClient.swift; sourceTree = "<group>"; };
		29545062283FD35100790C2D /* APIClient.swift */ = {isa = PBXFileReference; lastKnownFileType = sourcecode.swift; path = APIClient.swift; sourceTree = "<group>"; };
		299653D4286F2E7700EA4799 /* UserModel.swift */ = {isa = PBXFileReference; lastKnownFileType = sourcecode.swift; path = UserModel.swift; sourceTree = "<group>"; };
		299653D6286F32C400EA4799 /* ListModel.swift */ = {isa = PBXFileReference; lastKnownFileType = sourcecode.swift; path = ListModel.swift; sourceTree = "<group>"; };
		299653D8286F332F00EA4799 /* ItemModel.swift */ = {isa = PBXFileReference; lastKnownFileType = sourcecode.swift; path = ItemModel.swift; sourceTree = "<group>"; };
		299653DA286F343200EA4799 /* ModelProtocol.swift */ = {isa = PBXFileReference; lastKnownFileType = sourcecode.swift; path = ModelProtocol.swift; sourceTree = "<group>"; };
		299653DC286F363400EA4799 /* ShoppingItemModel.swift */ = {isa = PBXFileReference; lastKnownFileType = sourcecode.swift; path = ShoppingItemModel.swift; sourceTree = "<group>"; };
		299653DF286F422100EA4799 /* ListsView.swift */ = {isa = PBXFileReference; lastKnownFileType = sourcecode.swift; path = ListsView.swift; sourceTree = "<group>"; };
		299653E1286F422900EA4799 /* ListsViewModel.swift */ = {isa = PBXFileReference; lastKnownFileType = sourcecode.swift; path = ListsViewModel.swift; sourceTree = "<group>"; };
		299653E5286F524300EA4799 /* DevelopmentVariables.swift */ = {isa = PBXFileReference; lastKnownFileType = sourcecode.swift; path = DevelopmentVariables.swift; sourceTree = "<group>"; };
		299653E7286F612800EA4799 /* ViewExtension.swift */ = {isa = PBXFileReference; lastKnownFileType = sourcecode.swift; path = ViewExtension.swift; sourceTree = "<group>"; };
		299653EA286F6C0000EA4799 /* ListRow.swift */ = {isa = PBXFileReference; lastKnownFileType = sourcecode.swift; path = ListRow.swift; sourceTree = "<group>"; };
		299653ED286F6C3000EA4799 /* ListIcon.swift */ = {isa = PBXFileReference; lastKnownFileType = sourcecode.swift; path = ListIcon.swift; sourceTree = "<group>"; };
		299653F1286F725800EA4799 /* EmptyView.swift */ = {isa = PBXFileReference; lastKnownFileType = sourcecode.swift; path = EmptyView.swift; sourceTree = "<group>"; };
		299653F5286F72DC00EA4799 /* ListItemsView.swift */ = {isa = PBXFileReference; lastKnownFileType = sourcecode.swift; path = ListItemsView.swift; sourceTree = "<group>"; };
		299653F7286F72E400EA4799 /* ListItemsViewModel.swift */ = {isa = PBXFileReference; lastKnownFileType = sourcecode.swift; path = ListItemsViewModel.swift; sourceTree = "<group>"; };
		299653FB286F78E700EA4799 /* Stepper.swift */ = {isa = PBXFileReference; lastKnownFileType = sourcecode.swift; path = Stepper.swift; sourceTree = "<group>"; };
		29C9A1D8287719D5000FDEF8 /* ToastModifier.swift */ = {isa = PBXFileReference; lastKnownFileType = sourcecode.swift; path = ToastModifier.swift; sourceTree = "<group>"; };
		29C9A1DC28771D0D000FDEF8 /* CustomFunctions.swift */ = {isa = PBXFileReference; lastKnownFileType = sourcecode.swift; path = CustomFunctions.swift; sourceTree = "<group>"; };
		29C9A1E2287856E8000FDEF8 /* Selection.swift */ = {isa = PBXFileReference; lastKnownFileType = sourcecode.swift; path = Selection.swift; sourceTree = "<group>"; };
		29F0EB4A2874B1AB00CA857D /* EditItemView.swift */ = {isa = PBXFileReference; lastKnownFileType = sourcecode.swift; path = EditItemView.swift; sourceTree = "<group>"; };
		29F0EB4C2874B1B400CA857D /* EditItemViewModel.swift */ = {isa = PBXFileReference; lastKnownFileType = sourcecode.swift; path = EditItemViewModel.swift; sourceTree = "<group>"; };
		29F0EB4F2874B69600CA857D /* TextfieldExtension.swift */ = {isa = PBXFileReference; lastKnownFileType = sourcecode.swift; path = TextfieldExtension.swift; sourceTree = "<group>"; };
		29F0EB552876266800CA857D /* ShoppingListView.swift */ = {isa = PBXFileReference; lastKnownFileType = sourcecode.swift; path = ShoppingListView.swift; sourceTree = "<group>"; };
		29F0EB572876267000CA857D /* ShoppingListViewModel.swift */ = {isa = PBXFileReference; lastKnownFileType = sourcecode.swift; path = ShoppingListViewModel.swift; sourceTree = "<group>"; };
		29F43C2F287477CF00276EE2 /* EditListViewModel.swift */ = {isa = PBXFileReference; lastKnownFileType = sourcecode.swift; path = EditListViewModel.swift; sourceTree = "<group>"; };
		29F43C31287477E100276EE2 /* EditListView.swift */ = {isa = PBXFileReference; lastKnownFileType = sourcecode.swift; path = EditListView.swift; sourceTree = "<group>"; };
/* End PBXFileReference section */

/* Begin PBXFrameworksBuildPhase section */
		291C15862818722E00A89846 /* Frameworks */ = {
			isa = PBXFrameworksBuildPhase;
			buildActionMask = 2147483647;
			files = (
				29229663283FA2AC00C5E888 /* FirebaseMessaging in Frameworks */,
				2922965D283FA2AC00C5E888 /* FirebaseAuth in Frameworks */,
				2922965F283FA2AC00C5E888 /* FirebaseFirestore in Frameworks */,
				29229661283FA2AC00C5E888 /* FirebaseFirestoreSwift in Frameworks */,
			);
			runOnlyForDeploymentPostprocessing = 0;
		};
		291C15962818723000A89846 /* Frameworks */ = {
			isa = PBXFrameworksBuildPhase;
			buildActionMask = 2147483647;
			files = (
			);
			runOnlyForDeploymentPostprocessing = 0;
		};
		291C15A02818723000A89846 /* Frameworks */ = {
			isa = PBXFrameworksBuildPhase;
			buildActionMask = 2147483647;
			files = (
			);
			runOnlyForDeploymentPostprocessing = 0;
		};
/* End PBXFrameworksBuildPhase section */

/* Begin PBXGroup section */
		291C15802818722E00A89846 = {
			isa = PBXGroup;
			children = (
				291C158B2818722E00A89846 /* stockProject */,
				291C159C2818723000A89846 /* stockProjectTests */,
				291C15A62818723000A89846 /* stockProjectUITests */,
				291C158A2818722E00A89846 /* Products */,
			);
			sourceTree = "<group>";
		};
		291C158A2818722E00A89846 /* Products */ = {
			isa = PBXGroup;
			children = (
				291C15892818722E00A89846 /* stockProject.app */,
				291C15992818723000A89846 /* stockProjectTests.xctest */,
				291C15A32818723000A89846 /* stockProjectUITests.xctest */,
			);
			name = Products;
			sourceTree = "<group>";
		};
		291C158B2818722E00A89846 /* stockProject */ = {
			isa = PBXGroup;
			children = (
				299653D0286F2E0200EA4799 /* Models */,
				29229664283FA34000C5E888 /* Firebase */,
				299653D1286F2E0900EA4799 /* Screens */,
				299653E3286F42DE00EA4799 /* Utils */,
				291C158C2818722E00A89846 /* stockProjectApp.swift */,
				291C158E2818722E00A89846 /* ContentView.swift */,
				291C15902818723000A89846 /* Assets.xcassets */,
				291C15922818723000A89846 /* Preview Content */,
				292F7FAD283FECD6004F6FD4 /* GoogleService-Info.plist */,
				292BBFA4287DB6B600C7F4BF /* Launch Screen.storyboard */,
			);
			path = stockProject;
			sourceTree = "<group>";
		};
		291C15922818723000A89846 /* Preview Content */ = {
			isa = PBXGroup;
			children = (
				291C15932818723000A89846 /* Preview Assets.xcassets */,
			);
			path = "Preview Content";
			sourceTree = "<group>";
		};
		291C159C2818723000A89846 /* stockProjectTests */ = {
			isa = PBXGroup;
			children = (
				291C159D2818723000A89846 /* stockProjectTests.swift */,
			);
			path = stockProjectTests;
			sourceTree = "<group>";
		};
		291C15A62818723000A89846 /* stockProjectUITests */ = {
			isa = PBXGroup;
			children = (
				291C15A72818723000A89846 /* stockProjectUITests.swift */,
				291C15A92818723000A89846 /* stockProjectUITestsLaunchTests.swift */,
			);
			path = stockProjectUITests;
			sourceTree = "<group>";
		};
		29229664283FA34000C5E888 /* Firebase */ = {
			isa = PBXGroup;
			children = (
				2954505C283FB79300790C2D /* FirebaseClient.swift */,
				29545062283FD35100790C2D /* APIClient.swift */,
			);
			path = Firebase;
			sourceTree = "<group>";
		};
		298AC6DF2874B0EE005A435D /* EditItem */ = {
			isa = PBXGroup;
			children = (
				29F0EB4A2874B1AB00CA857D /* EditItemView.swift */,
				29F0EB4C2874B1B400CA857D /* EditItemViewModel.swift */,
			);
			path = EditItem;
			sourceTree = "<group>";
		};
		299653D0286F2E0200EA4799 /* Models */ = {
			isa = PBXGroup;
			children = (
				299653DA286F343200EA4799 /* ModelProtocol.swift */,
				299653D4286F2E7700EA4799 /* UserModel.swift */,
				299653D6286F32C400EA4799 /* ListModel.swift */,
				299653D8286F332F00EA4799 /* ItemModel.swift */,
				299653DC286F363400EA4799 /* ShoppingItemModel.swift */,
			);
			path = Models;
			sourceTree = "<group>";
		};
		299653D1286F2E0900EA4799 /* Screens */ = {
			isa = PBXGroup;
			children = (
				299653DE286F420F00EA4799 /* Lists */,
				299653EC286F6C1900EA4799 /* Shared */,
			);
			path = Screens;
			sourceTree = "<group>";
		};
		299653DE286F420F00EA4799 /* Lists */ = {
			isa = PBXGroup;
			children = (
				299653DF286F422100EA4799 /* ListsView.swift */,
				299653E1286F422900EA4799 /* ListsViewModel.swift */,
				299653E9286F6BEB00EA4799 /* Components */,
				299653F3286F72C600EA4799 /* Views */,
			);
			path = Lists;
			sourceTree = "<group>";
		};
		299653E3286F42DE00EA4799 /* Utils */ = {
			isa = PBXGroup;
			children = (
				29C9A1E1287856C3000FDEF8 /* Extensions */,
				29C9A1E0287856BB000FDEF8 /* Selection */,
				29C9A1D7287719C3000FDEF8 /* ViewModifiers */,
				299653E4286F42F100EA4799 /* Development */,
				29C9A1DC28771D0D000FDEF8 /* CustomFunctions.swift */,
			);
			path = Utils;
			sourceTree = "<group>";
		};
		299653E4286F42F100EA4799 /* Development */ = {
			isa = PBXGroup;
			children = (
				299653E5286F524300EA4799 /* DevelopmentVariables.swift */,
			);
			path = Development;
			sourceTree = "<group>";
		};
		299653E9286F6BEB00EA4799 /* Components */ = {
			isa = PBXGroup;
			children = (
				299653EA286F6C0000EA4799 /* ListRow.swift */,
			);
			path = Components;
			sourceTree = "<group>";
		};
		299653EC286F6C1900EA4799 /* Shared */ = {
			isa = PBXGroup;
			children = (
				299653FA286F78D500EA4799 /* Components */,
				299653F9286F78CC00EA4799 /* Views */,
			);
			path = Shared;
			sourceTree = "<group>";
		};
		299653F3286F72C600EA4799 /* Views */ = {
			isa = PBXGroup;
			children = (
				29F0EB542876264F00CA857D /* ShoppingList */,
				298AC6DF2874B0EE005A435D /* EditItem */,
				29F43C2E287477BA00276EE2 /* EditList */,
				299653F4286F72D200EA4799 /* ListItems */,
			);
			path = Views;
			sourceTree = "<group>";
		};
		299653F4286F72D200EA4799 /* ListItems */ = {
			isa = PBXGroup;
			children = (
				299653F5286F72DC00EA4799 /* ListItemsView.swift */,
				299653F7286F72E400EA4799 /* ListItemsViewModel.swift */,
			);
			path = ListItems;
			sourceTree = "<group>";
		};
		299653F9286F78CC00EA4799 /* Views */ = {
			isa = PBXGroup;
			children = (
				299653F1286F725800EA4799 /* EmptyView.swift */,
			);
			path = Views;
			sourceTree = "<group>";
		};
		299653FA286F78D500EA4799 /* Components */ = {
			isa = PBXGroup;
			children = (
				299653ED286F6C3000EA4799 /* ListIcon.swift */,
				299653FB286F78E700EA4799 /* Stepper.swift */,
				292BBF9E2879D63100C7F4BF /* Checkmark.swift */,
				292BBFA02879DF1C00C7F4BF /* CheckmarkLabel.swift */,
			);
			path = Components;
			sourceTree = "<group>";
		};
		29C9A1D7287719C3000FDEF8 /* ViewModifiers */ = {
			isa = PBXGroup;
			children = (
				29C9A1D8287719D5000FDEF8 /* ToastModifier.swift */,
			);
			path = ViewModifiers;
			sourceTree = "<group>";
		};
		29C9A1E0287856BB000FDEF8 /* Selection */ = {
			isa = PBXGroup;
			children = (
				29C9A1E2287856E8000FDEF8 /* Selection.swift */,
			);
			path = Selection;
			sourceTree = "<group>";
		};
		29C9A1E1287856C3000FDEF8 /* Extensions */ = {
			isa = PBXGroup;
			children = (
				299653E7286F612800EA4799 /* ViewExtension.swift */,
				29F0EB4F2874B69600CA857D /* TextfieldExtension.swift */,
				292BBFA22879DF5200C7F4BF /* TextExtension.swift */,
			);
			path = Extensions;
			sourceTree = "<group>";
		};
		29F0EB542876264F00CA857D /* ShoppingList */ = {
			isa = PBXGroup;
			children = (
				29F0EB552876266800CA857D /* ShoppingListView.swift */,
				29F0EB572876267000CA857D /* ShoppingListViewModel.swift */,
			);
			path = ShoppingList;
			sourceTree = "<group>";
		};
		29F43C2E287477BA00276EE2 /* EditList */ = {
			isa = PBXGroup;
			children = (
				29F43C2F287477CF00276EE2 /* EditListViewModel.swift */,
				29F43C31287477E100276EE2 /* EditListView.swift */,
			);
			path = EditList;
			sourceTree = "<group>";
		};
/* End PBXGroup section */

/* Begin PBXNativeTarget section */
		291C15882818722E00A89846 /* stockProject */ = {
			isa = PBXNativeTarget;
			buildConfigurationList = 291C15AD2818723000A89846 /* Build configuration list for PBXNativeTarget "stockProject" */;
			buildPhases = (
				291C15852818722E00A89846 /* Sources */,
				291C15862818722E00A89846 /* Frameworks */,
				291C15872818722E00A89846 /* Resources */,
			);
			buildRules = (
			);
			dependencies = (
			);
			name = stockProject;
			packageProductDependencies = (
				2922965C283FA2AC00C5E888 /* FirebaseAuth */,
				2922965E283FA2AC00C5E888 /* FirebaseFirestore */,
				29229660283FA2AC00C5E888 /* FirebaseFirestoreSwift */,
				29229662283FA2AC00C5E888 /* FirebaseMessaging */,
			);
			productName = stockProject;
			productReference = 291C15892818722E00A89846 /* stockProject.app */;
			productType = "com.apple.product-type.application";
		};
		291C15982818723000A89846 /* stockProjectTests */ = {
			isa = PBXNativeTarget;
			buildConfigurationList = 291C15B02818723000A89846 /* Build configuration list for PBXNativeTarget "stockProjectTests" */;
			buildPhases = (
				291C15952818723000A89846 /* Sources */,
				291C15962818723000A89846 /* Frameworks */,
				291C15972818723000A89846 /* Resources */,
			);
			buildRules = (
			);
			dependencies = (
				291C159B2818723000A89846 /* PBXTargetDependency */,
			);
			name = stockProjectTests;
			productName = stockProjectTests;
			productReference = 291C15992818723000A89846 /* stockProjectTests.xctest */;
			productType = "com.apple.product-type.bundle.unit-test";
		};
		291C15A22818723000A89846 /* stockProjectUITests */ = {
			isa = PBXNativeTarget;
			buildConfigurationList = 291C15B32818723000A89846 /* Build configuration list for PBXNativeTarget "stockProjectUITests" */;
			buildPhases = (
				291C159F2818723000A89846 /* Sources */,
				291C15A02818723000A89846 /* Frameworks */,
				291C15A12818723000A89846 /* Resources */,
			);
			buildRules = (
			);
			dependencies = (
				291C15A52818723000A89846 /* PBXTargetDependency */,
			);
			name = stockProjectUITests;
			productName = stockProjectUITests;
			productReference = 291C15A32818723000A89846 /* stockProjectUITests.xctest */;
			productType = "com.apple.product-type.bundle.ui-testing";
		};
/* End PBXNativeTarget section */

/* Begin PBXProject section */
		291C15812818722E00A89846 /* Project object */ = {
			isa = PBXProject;
			attributes = {
				BuildIndependentTargetsInParallel = 1;
				LastSwiftUpdateCheck = 1330;
				LastUpgradeCheck = 1330;
				TargetAttributes = {
					291C15882818722E00A89846 = {
						CreatedOnToolsVersion = 13.3;
					};
					291C15982818723000A89846 = {
						CreatedOnToolsVersion = 13.3;
						TestTargetID = 291C15882818722E00A89846;
					};
					291C15A22818723000A89846 = {
						CreatedOnToolsVersion = 13.3;
						TestTargetID = 291C15882818722E00A89846;
					};
				};
			};
			buildConfigurationList = 291C15842818722E00A89846 /* Build configuration list for PBXProject "stockProject" */;
			compatibilityVersion = "Xcode 13.0";
			developmentRegion = en;
			hasScannedForEncodings = 0;
			knownRegions = (
				en,
				Base,
			);
			mainGroup = 291C15802818722E00A89846;
			packageReferences = (
				2922965B283FA2AC00C5E888 /* XCRemoteSwiftPackageReference "firebase-ios-sdk" */,
			);
			productRefGroup = 291C158A2818722E00A89846 /* Products */;
			projectDirPath = "";
			projectRoot = "";
			targets = (
				291C15882818722E00A89846 /* stockProject */,
				291C15982818723000A89846 /* stockProjectTests */,
				291C15A22818723000A89846 /* stockProjectUITests */,
			);
		};
/* End PBXProject section */

/* Begin PBXResourcesBuildPhase section */
		291C15872818722E00A89846 /* Resources */ = {
			isa = PBXResourcesBuildPhase;
			buildActionMask = 2147483647;
			files = (
				292F7FAE283FECE7004F6FD4 /* GoogleService-Info.plist in Resources */,
				291C15942818723000A89846 /* Preview Assets.xcassets in Resources */,
				292BBFA5287DB6B600C7F4BF /* Launch Screen.storyboard in Resources */,
				291C15912818723000A89846 /* Assets.xcassets in Resources */,
			);
			runOnlyForDeploymentPostprocessing = 0;
		};
		291C15972818723000A89846 /* Resources */ = {
			isa = PBXResourcesBuildPhase;
			buildActionMask = 2147483647;
			files = (
			);
			runOnlyForDeploymentPostprocessing = 0;
		};
		291C15A12818723000A89846 /* Resources */ = {
			isa = PBXResourcesBuildPhase;
			buildActionMask = 2147483647;
			files = (
			);
			runOnlyForDeploymentPostprocessing = 0;
		};
/* End PBXResourcesBuildPhase section */

/* Begin PBXSourcesBuildPhase section */
		291C15852818722E00A89846 /* Sources */ = {
			isa = PBXSourcesBuildPhase;
			buildActionMask = 2147483647;
			files = (
				29F0EB4D2874B1B400CA857D /* EditItemViewModel.swift in Sources */,
				29C9A1D9287719D5000FDEF8 /* ToastModifier.swift in Sources */,
				29545063283FD35100790C2D /* APIClient.swift in Sources */,
				299653E2286F422900EA4799 /* ListsViewModel.swift in Sources */,
				299653D9286F332F00EA4799 /* ItemModel.swift in Sources */,
				2954505D283FB79300790C2D /* FirebaseClient.swift in Sources */,
				299653F2286F725800EA4799 /* EmptyView.swift in Sources */,
				299653F8286F72E400EA4799 /* ListItemsViewModel.swift in Sources */,
				299653DB286F343200EA4799 /* ModelProtocol.swift in Sources */,
				299653E6286F524300EA4799 /* DevelopmentVariables.swift in Sources */,
				29F0EB562876266800CA857D /* ShoppingListView.swift in Sources */,
				29F0EB582876267000CA857D /* ShoppingListViewModel.swift in Sources */,
				299653DD286F363400EA4799 /* ShoppingItemModel.swift in Sources */,
				291C158F2818722E00A89846 /* ContentView.swift in Sources */,
				29F43C32287477E100276EE2 /* EditListView.swift in Sources */,
				299653D7286F32C400EA4799 /* ListModel.swift in Sources */,
				292BBFA32879DF5200C7F4BF /* TextExtension.swift in Sources */,
				299653E0286F422100EA4799 /* ListsView.swift in Sources */,
				299653D5286F2E7700EA4799 /* UserModel.swift in Sources */,
				291C158D2818722E00A89846 /* stockProjectApp.swift in Sources */,
				29F43C30287477CF00276EE2 /* EditListViewModel.swift in Sources */,
				29F0EB502874B69600CA857D /* TextfieldExtension.swift in Sources */,
				292BBF9F2879D63100C7F4BF /* Checkmark.swift in Sources */,
				292BBFA12879DF1C00C7F4BF /* CheckmarkLabel.swift in Sources */,
				299653EE286F6C3000EA4799 /* ListIcon.swift in Sources */,
				29F0EB4B2874B1AB00CA857D /* EditItemView.swift in Sources */,
				29C9A1DD28771D0D000FDEF8 /* CustomFunctions.swift in Sources */,
				299653EB286F6C0000EA4799 /* ListRow.swift in Sources */,
				299653F6286F72DC00EA4799 /* ListItemsView.swift in Sources */,
				299653FC286F78E700EA4799 /* Stepper.swift in Sources */,
				299653E8286F612800EA4799 /* ViewExtension.swift in Sources */,
				29C9A1E3287856E8000FDEF8 /* Selection.swift in Sources */,
			);
			runOnlyForDeploymentPostprocessing = 0;
		};
		291C15952818723000A89846 /* Sources */ = {
			isa = PBXSourcesBuildPhase;
			buildActionMask = 2147483647;
			files = (
				291C159E2818723000A89846 /* stockProjectTests.swift in Sources */,
			);
			runOnlyForDeploymentPostprocessing = 0;
		};
		291C159F2818723000A89846 /* Sources */ = {
			isa = PBXSourcesBuildPhase;
			buildActionMask = 2147483647;
			files = (
				291C15A82818723000A89846 /* stockProjectUITests.swift in Sources */,
				291C15AA2818723000A89846 /* stockProjectUITestsLaunchTests.swift in Sources */,
			);
			runOnlyForDeploymentPostprocessing = 0;
		};
/* End PBXSourcesBuildPhase section */

/* Begin PBXTargetDependency section */
		291C159B2818723000A89846 /* PBXTargetDependency */ = {
			isa = PBXTargetDependency;
			target = 291C15882818722E00A89846 /* stockProject */;
			targetProxy = 291C159A2818723000A89846 /* PBXContainerItemProxy */;
		};
		291C15A52818723000A89846 /* PBXTargetDependency */ = {
			isa = PBXTargetDependency;
			target = 291C15882818722E00A89846 /* stockProject */;
			targetProxy = 291C15A42818723000A89846 /* PBXContainerItemProxy */;
		};
/* End PBXTargetDependency section */

/* Begin XCBuildConfiguration section */
		291C15AB2818723000A89846 /* Debug */ = {
			isa = XCBuildConfiguration;
			buildSettings = {
				ALWAYS_SEARCH_USER_PATHS = NO;
				CLANG_ANALYZER_NONNULL = YES;
				CLANG_ANALYZER_NUMBER_OBJECT_CONVERSION = YES_AGGRESSIVE;
				CLANG_CXX_LANGUAGE_STANDARD = "gnu++17";
				CLANG_ENABLE_MODULES = YES;
				CLANG_ENABLE_OBJC_ARC = YES;
				CLANG_ENABLE_OBJC_WEAK = YES;
				CLANG_WARN_BLOCK_CAPTURE_AUTORELEASING = YES;
				CLANG_WARN_BOOL_CONVERSION = YES;
				CLANG_WARN_COMMA = YES;
				CLANG_WARN_CONSTANT_CONVERSION = YES;
				CLANG_WARN_DEPRECATED_OBJC_IMPLEMENTATIONS = YES;
				CLANG_WARN_DIRECT_OBJC_ISA_USAGE = YES_ERROR;
				CLANG_WARN_DOCUMENTATION_COMMENTS = YES;
				CLANG_WARN_EMPTY_BODY = YES;
				CLANG_WARN_ENUM_CONVERSION = YES;
				CLANG_WARN_INFINITE_RECURSION = YES;
				CLANG_WARN_INT_CONVERSION = YES;
				CLANG_WARN_NON_LITERAL_NULL_CONVERSION = YES;
				CLANG_WARN_OBJC_IMPLICIT_RETAIN_SELF = YES;
				CLANG_WARN_OBJC_LITERAL_CONVERSION = YES;
				CLANG_WARN_OBJC_ROOT_CLASS = YES_ERROR;
				CLANG_WARN_QUOTED_INCLUDE_IN_FRAMEWORK_HEADER = YES;
				CLANG_WARN_RANGE_LOOP_ANALYSIS = YES;
				CLANG_WARN_STRICT_PROTOTYPES = YES;
				CLANG_WARN_SUSPICIOUS_MOVE = YES;
				CLANG_WARN_UNGUARDED_AVAILABILITY = YES_AGGRESSIVE;
				CLANG_WARN_UNREACHABLE_CODE = YES;
				CLANG_WARN__DUPLICATE_METHOD_MATCH = YES;
				COPY_PHASE_STRIP = NO;
				DEBUG_INFORMATION_FORMAT = dwarf;
				ENABLE_STRICT_OBJC_MSGSEND = YES;
				ENABLE_TESTABILITY = YES;
				GCC_C_LANGUAGE_STANDARD = gnu11;
				GCC_DYNAMIC_NO_PIC = NO;
				GCC_NO_COMMON_BLOCKS = YES;
				GCC_OPTIMIZATION_LEVEL = 0;
				GCC_PREPROCESSOR_DEFINITIONS = (
					"DEBUG=1",
					"$(inherited)",
				);
				GCC_WARN_64_TO_32_BIT_CONVERSION = YES;
				GCC_WARN_ABOUT_RETURN_TYPE = YES_ERROR;
				GCC_WARN_UNDECLARED_SELECTOR = YES;
				GCC_WARN_UNINITIALIZED_AUTOS = YES_AGGRESSIVE;
				GCC_WARN_UNUSED_FUNCTION = YES;
				GCC_WARN_UNUSED_VARIABLE = YES;
				IPHONEOS_DEPLOYMENT_TARGET = 15.4;
				MTL_ENABLE_DEBUG_INFO = INCLUDE_SOURCE;
				MTL_FAST_MATH = YES;
				ONLY_ACTIVE_ARCH = YES;
				SDKROOT = iphoneos;
				SWIFT_ACTIVE_COMPILATION_CONDITIONS = DEBUG;
				SWIFT_OPTIMIZATION_LEVEL = "-Onone";
			};
			name = Debug;
		};
		291C15AC2818723000A89846 /* Release */ = {
			isa = XCBuildConfiguration;
			buildSettings = {
				ALWAYS_SEARCH_USER_PATHS = NO;
				CLANG_ANALYZER_NONNULL = YES;
				CLANG_ANALYZER_NUMBER_OBJECT_CONVERSION = YES_AGGRESSIVE;
				CLANG_CXX_LANGUAGE_STANDARD = "gnu++17";
				CLANG_ENABLE_MODULES = YES;
				CLANG_ENABLE_OBJC_ARC = YES;
				CLANG_ENABLE_OBJC_WEAK = YES;
				CLANG_WARN_BLOCK_CAPTURE_AUTORELEASING = YES;
				CLANG_WARN_BOOL_CONVERSION = YES;
				CLANG_WARN_COMMA = YES;
				CLANG_WARN_CONSTANT_CONVERSION = YES;
				CLANG_WARN_DEPRECATED_OBJC_IMPLEMENTATIONS = YES;
				CLANG_WARN_DIRECT_OBJC_ISA_USAGE = YES_ERROR;
				CLANG_WARN_DOCUMENTATION_COMMENTS = YES;
				CLANG_WARN_EMPTY_BODY = YES;
				CLANG_WARN_ENUM_CONVERSION = YES;
				CLANG_WARN_INFINITE_RECURSION = YES;
				CLANG_WARN_INT_CONVERSION = YES;
				CLANG_WARN_NON_LITERAL_NULL_CONVERSION = YES;
				CLANG_WARN_OBJC_IMPLICIT_RETAIN_SELF = YES;
				CLANG_WARN_OBJC_LITERAL_CONVERSION = YES;
				CLANG_WARN_OBJC_ROOT_CLASS = YES_ERROR;
				CLANG_WARN_QUOTED_INCLUDE_IN_FRAMEWORK_HEADER = YES;
				CLANG_WARN_RANGE_LOOP_ANALYSIS = YES;
				CLANG_WARN_STRICT_PROTOTYPES = YES;
				CLANG_WARN_SUSPICIOUS_MOVE = YES;
				CLANG_WARN_UNGUARDED_AVAILABILITY = YES_AGGRESSIVE;
				CLANG_WARN_UNREACHABLE_CODE = YES;
				CLANG_WARN__DUPLICATE_METHOD_MATCH = YES;
				COPY_PHASE_STRIP = NO;
				DEBUG_INFORMATION_FORMAT = "dwarf-with-dsym";
				ENABLE_NS_ASSERTIONS = NO;
				ENABLE_STRICT_OBJC_MSGSEND = YES;
				GCC_C_LANGUAGE_STANDARD = gnu11;
				GCC_NO_COMMON_BLOCKS = YES;
				GCC_WARN_64_TO_32_BIT_CONVERSION = YES;
				GCC_WARN_ABOUT_RETURN_TYPE = YES_ERROR;
				GCC_WARN_UNDECLARED_SELECTOR = YES;
				GCC_WARN_UNINITIALIZED_AUTOS = YES_AGGRESSIVE;
				GCC_WARN_UNUSED_FUNCTION = YES;
				GCC_WARN_UNUSED_VARIABLE = YES;
				IPHONEOS_DEPLOYMENT_TARGET = 15.4;
				MTL_ENABLE_DEBUG_INFO = NO;
				MTL_FAST_MATH = YES;
				SDKROOT = iphoneos;
				SWIFT_COMPILATION_MODE = wholemodule;
				SWIFT_OPTIMIZATION_LEVEL = "-O";
				VALIDATE_PRODUCT = YES;
			};
			name = Release;
		};
		291C15AE2818723000A89846 /* Debug */ = {
			isa = XCBuildConfiguration;
			buildSettings = {
				ASSETCATALOG_COMPILER_APPICON_NAME = AppIcon;
				ASSETCATALOG_COMPILER_GLOBAL_ACCENT_COLOR_NAME = AccentColor;
				CODE_SIGN_STYLE = Automatic;
				CURRENT_PROJECT_VERSION = 1;
				DEVELOPMENT_ASSET_PATHS = "\"stockProject/Preview Content\"";
				DEVELOPMENT_TEAM = 34BX29F83H;
				ENABLE_PREVIEWS = YES;
				GENERATE_INFOPLIST_FILE = YES;
				INFOPLIST_KEY_UIApplicationSceneManifest_Generation = YES;
				INFOPLIST_KEY_UIApplicationSupportsIndirectInputEvents = YES;
				INFOPLIST_KEY_UILaunchScreen_Generation = YES;
				INFOPLIST_KEY_UILaunchStoryboardName = "Launch Screen";
				INFOPLIST_KEY_UISupportedInterfaceOrientations_iPad = "UIInterfaceOrientationPortrait UIInterfaceOrientationPortraitUpsideDown UIInterfaceOrientationLandscapeLeft UIInterfaceOrientationLandscapeRight";
				INFOPLIST_KEY_UISupportedInterfaceOrientations_iPhone = "UIInterfaceOrientationPortrait UIInterfaceOrientationLandscapeLeft UIInterfaceOrientationLandscapeRight";
				IPHONEOS_DEPLOYMENT_TARGET = 15.0;
				LD_RUNPATH_SEARCH_PATHS = (
					"$(inherited)",
					"@executable_path/Frameworks",
				);
				MARKETING_VERSION = 1.0;
				PRODUCT_BUNDLE_IDENTIFIER = startcode.stockProject;
				PRODUCT_NAME = "$(TARGET_NAME)";
				SWIFT_EMIT_LOC_STRINGS = YES;
				SWIFT_VERSION = 5.0;
				TARGETED_DEVICE_FAMILY = 1;
			};
			name = Debug;
		};
		291C15AF2818723000A89846 /* Release */ = {
			isa = XCBuildConfiguration;
			buildSettings = {
				ASSETCATALOG_COMPILER_APPICON_NAME = AppIcon;
				ASSETCATALOG_COMPILER_GLOBAL_ACCENT_COLOR_NAME = AccentColor;
				CODE_SIGN_STYLE = Automatic;
				CURRENT_PROJECT_VERSION = 1;
				DEVELOPMENT_ASSET_PATHS = "\"stockProject/Preview Content\"";
				DEVELOPMENT_TEAM = 34BX29F83H;
				ENABLE_PREVIEWS = YES;
				GENERATE_INFOPLIST_FILE = YES;
				INFOPLIST_KEY_UIApplicationSceneManifest_Generation = YES;
				INFOPLIST_KEY_UIApplicationSupportsIndirectInputEvents = YES;
				INFOPLIST_KEY_UILaunchScreen_Generation = YES;
				INFOPLIST_KEY_UILaunchStoryboardName = "Launch Screen";
				INFOPLIST_KEY_UISupportedInterfaceOrientations_iPad = "UIInterfaceOrientationPortrait UIInterfaceOrientationPortraitUpsideDown UIInterfaceOrientationLandscapeLeft UIInterfaceOrientationLandscapeRight";
				INFOPLIST_KEY_UISupportedInterfaceOrientations_iPhone = "UIInterfaceOrientationPortrait UIInterfaceOrientationLandscapeLeft UIInterfaceOrientationLandscapeRight";
				IPHONEOS_DEPLOYMENT_TARGET = 15.0;
				LD_RUNPATH_SEARCH_PATHS = (
					"$(inherited)",
					"@executable_path/Frameworks",
				);
				MARKETING_VERSION = 1.0;
				PRODUCT_BUNDLE_IDENTIFIER = startcode.stockProject;
				PRODUCT_NAME = "$(TARGET_NAME)";
				SWIFT_EMIT_LOC_STRINGS = YES;
				SWIFT_VERSION = 5.0;
				TARGETED_DEVICE_FAMILY = 1;
			};
			name = Release;
		};
		291C15B12818723000A89846 /* Debug */ = {
			isa = XCBuildConfiguration;
			buildSettings = {
				ALWAYS_EMBED_SWIFT_STANDARD_LIBRARIES = YES;
				BUNDLE_LOADER = "$(TEST_HOST)";
				CODE_SIGN_STYLE = Automatic;
				CURRENT_PROJECT_VERSION = 1;
				DEVELOPMENT_TEAM = 34BX29F83H;
				GENERATE_INFOPLIST_FILE = YES;
				IPHONEOS_DEPLOYMENT_TARGET = 15.4;
				MARKETING_VERSION = 1.0;
				PRODUCT_BUNDLE_IDENTIFIER = startcode.stockProjectTests;
				PRODUCT_NAME = "$(TARGET_NAME)";
				SWIFT_EMIT_LOC_STRINGS = NO;
				SWIFT_VERSION = 5.0;
				TARGETED_DEVICE_FAMILY = "1,2";
				TEST_HOST = "$(BUILT_PRODUCTS_DIR)/stockProject.app/stockProject";
			};
			name = Debug;
		};
		291C15B22818723000A89846 /* Release */ = {
			isa = XCBuildConfiguration;
			buildSettings = {
				ALWAYS_EMBED_SWIFT_STANDARD_LIBRARIES = YES;
				BUNDLE_LOADER = "$(TEST_HOST)";
				CODE_SIGN_STYLE = Automatic;
				CURRENT_PROJECT_VERSION = 1;
				DEVELOPMENT_TEAM = 34BX29F83H;
				GENERATE_INFOPLIST_FILE = YES;
				IPHONEOS_DEPLOYMENT_TARGET = 15.4;
				MARKETING_VERSION = 1.0;
				PRODUCT_BUNDLE_IDENTIFIER = startcode.stockProjectTests;
				PRODUCT_NAME = "$(TARGET_NAME)";
				SWIFT_EMIT_LOC_STRINGS = NO;
				SWIFT_VERSION = 5.0;
				TARGETED_DEVICE_FAMILY = "1,2";
				TEST_HOST = "$(BUILT_PRODUCTS_DIR)/stockProject.app/stockProject";
			};
			name = Release;
		};
		291C15B42818723000A89846 /* Debug */ = {
			isa = XCBuildConfiguration;
			buildSettings = {
				ALWAYS_EMBED_SWIFT_STANDARD_LIBRARIES = YES;
				CODE_SIGN_STYLE = Automatic;
				CURRENT_PROJECT_VERSION = 1;
				DEVELOPMENT_TEAM = 34BX29F83H;
				GENERATE_INFOPLIST_FILE = YES;
				MARKETING_VERSION = 1.0;
				PRODUCT_BUNDLE_IDENTIFIER = startcode.stockProjectUITests;
				PRODUCT_NAME = "$(TARGET_NAME)";
				SWIFT_EMIT_LOC_STRINGS = NO;
				SWIFT_VERSION = 5.0;
				TARGETED_DEVICE_FAMILY = "1,2";
				TEST_TARGET_NAME = stockProject;
			};
			name = Debug;
		};
		291C15B52818723000A89846 /* Release */ = {
			isa = XCBuildConfiguration;
			buildSettings = {
				ALWAYS_EMBED_SWIFT_STANDARD_LIBRARIES = YES;
				CODE_SIGN_STYLE = Automatic;
				CURRENT_PROJECT_VERSION = 1;
				DEVELOPMENT_TEAM = 34BX29F83H;
				GENERATE_INFOPLIST_FILE = YES;
				MARKETING_VERSION = 1.0;
				PRODUCT_BUNDLE_IDENTIFIER = startcode.stockProjectUITests;
				PRODUCT_NAME = "$(TARGET_NAME)";
				SWIFT_EMIT_LOC_STRINGS = NO;
				SWIFT_VERSION = 5.0;
				TARGETED_DEVICE_FAMILY = "1,2";
				TEST_TARGET_NAME = stockProject;
			};
			name = Release;
		};
/* End XCBuildConfiguration section */

/* Begin XCConfigurationList section */
		291C15842818722E00A89846 /* Build configuration list for PBXProject "stockProject" */ = {
			isa = XCConfigurationList;
			buildConfigurations = (
				291C15AB2818723000A89846 /* Debug */,
				291C15AC2818723000A89846 /* Release */,
			);
			defaultConfigurationIsVisible = 0;
			defaultConfigurationName = Release;
		};
		291C15AD2818723000A89846 /* Build configuration list for PBXNativeTarget "stockProject" */ = {
			isa = XCConfigurationList;
			buildConfigurations = (
				291C15AE2818723000A89846 /* Debug */,
				291C15AF2818723000A89846 /* Release */,
			);
			defaultConfigurationIsVisible = 0;
			defaultConfigurationName = Release;
		};
		291C15B02818723000A89846 /* Build configuration list for PBXNativeTarget "stockProjectTests" */ = {
			isa = XCConfigurationList;
			buildConfigurations = (
				291C15B12818723000A89846 /* Debug */,
				291C15B22818723000A89846 /* Release */,
			);
			defaultConfigurationIsVisible = 0;
			defaultConfigurationName = Release;
		};
		291C15B32818723000A89846 /* Build configuration list for PBXNativeTarget "stockProjectUITests" */ = {
			isa = XCConfigurationList;
			buildConfigurations = (
				291C15B42818723000A89846 /* Debug */,
				291C15B52818723000A89846 /* Release */,
			);
			defaultConfigurationIsVisible = 0;
			defaultConfigurationName = Release;
		};
/* End XCConfigurationList section */

/* Begin XCRemoteSwiftPackageReference section */
		2922965B283FA2AC00C5E888 /* XCRemoteSwiftPackageReference "firebase-ios-sdk" */ = {
			isa = XCRemoteSwiftPackageReference;
			repositoryURL = "https://github.com/firebase/firebase-ios-sdk.git";
			requirement = {
				branch = master;
				kind = branch;
			};
		};
/* End XCRemoteSwiftPackageReference section */

/* Begin XCSwiftPackageProductDependency section */
		2922965C283FA2AC00C5E888 /* FirebaseAuth */ = {
			isa = XCSwiftPackageProductDependency;
			package = 2922965B283FA2AC00C5E888 /* XCRemoteSwiftPackageReference "firebase-ios-sdk" */;
			productName = FirebaseAuth;
		};
		2922965E283FA2AC00C5E888 /* FirebaseFirestore */ = {
			isa = XCSwiftPackageProductDependency;
			package = 2922965B283FA2AC00C5E888 /* XCRemoteSwiftPackageReference "firebase-ios-sdk" */;
			productName = FirebaseFirestore;
		};
		29229660283FA2AC00C5E888 /* FirebaseFirestoreSwift */ = {
			isa = XCSwiftPackageProductDependency;
			package = 2922965B283FA2AC00C5E888 /* XCRemoteSwiftPackageReference "firebase-ios-sdk" */;
			productName = FirebaseFirestoreSwift;
		};
		29229662283FA2AC00C5E888 /* FirebaseMessaging */ = {
			isa = XCSwiftPackageProductDependency;
			package = 2922965B283FA2AC00C5E888 /* XCRemoteSwiftPackageReference "firebase-ios-sdk" */;
			productName = FirebaseMessaging;
		};
/* End XCSwiftPackageProductDependency section */
	};
	rootObject = 291C15812818722E00A89846 /* Project object */;
}
