// !$*UTF8*$!
{
	archiveVersion = 1;
	classes = {
	};
	objectVersion = 55;
	objects = {

/* Begin PBXBuildFile section */
		291C158D2818722E00A89846 /* stockProjectApp.swift in Sources */ = {isa = PBXBuildFile; fileRef = 291C158C2818722E00A89846 /* stockProjectApp.swift */; };
		291C158F2818722E00A89846 /* ContentView.swift in Sources */ = {isa = PBXBuildFile; fileRef = 291C158E2818722E00A89846 /* ContentView.swift */; };
		291C15912818723000A89846 /* Assets.xcassets in Resources */ = {isa = PBXBuildFile; fileRef = 291C15902818723000A89846 /* Assets.xcassets */; };
		291C15942818723000A89846 /* Preview Assets.xcassets in Resources */ = {isa = PBXBuildFile; fileRef = 291C15932818723000A89846 /* Preview Assets.xcassets */; };
		291C159E2818723000A89846 /* stockProjectTests.swift in Sources */ = {isa = PBXBuildFile; fileRef = 291C159D2818723000A89846 /* stockProjectTests.swift */; };
		291C15A82818723000A89846 /* stockProjectUITests.swift in Sources */ = {isa = PBXBuildFile; fileRef = 291C15A72818723000A89846 /* stockProjectUITests.swift */; };
		291C15AA2818723000A89846 /* stockProjectUITestsLaunchTests.swift in Sources */ = {isa = PBXBuildFile; fileRef = 291C15A92818723000A89846 /* stockProjectUITestsLaunchTests.swift */; };
		291C15BB281873DF00A89846 /* HomeView.swift in Sources */ = {isa = PBXBuildFile; fileRef = 291C15BA281873DF00A89846 /* HomeView.swift */; };
		291C15CB2819757100A89846 /* HomeTableView.swift in Sources */ = {isa = PBXBuildFile; fileRef = 291C15CA2819757100A89846 /* HomeTableView.swift */; };
		291C15D42819D14B00A89846 /* NavigationMenuView.swift in Sources */ = {isa = PBXBuildFile; fileRef = 291C15D32819D14B00A89846 /* NavigationMenuView.swift */; };
		291FCB17282EC9C300F2FDC9 /* HomeTableRow.swift in Sources */ = {isa = PBXBuildFile; fileRef = 291FCB16282EC9C300F2FDC9 /* HomeTableRow.swift */; };
		29229651283EBF5300C5E888 /* DetailsShoppingListView.swift in Sources */ = {isa = PBXBuildFile; fileRef = 29229650283EBF5300C5E888 /* DetailsShoppingListView.swift */; };
		29267C4E283D288B0056704E /* DetailsView.swift in Sources */ = {isa = PBXBuildFile; fileRef = 29267C4D283D288B0056704E /* DetailsView.swift */; };
		29267C54283D2BB60056704E /* AlertView.swift in Sources */ = {isa = PBXBuildFile; fileRef = 29267C53283D2BB60056704E /* AlertView.swift */; };
		29267C57283D4A8C0056704E /* LabeledStepper.swift in Sources */ = {isa = PBXBuildFile; fileRef = 29267C56283D4A8C0056704E /* LabeledStepper.swift */; };
		29267C5E283D80700056704E /* DetailsData.swift in Sources */ = {isa = PBXBuildFile; fileRef = 29267C5D283D80700056704E /* DetailsData.swift */; };
		2955071A281C7B1000DD090A /* DecodingError.swift in Sources */ = {isa = PBXBuildFile; fileRef = 29550719281C7B1000DD090A /* DecodingError.swift */; };
		297AA833283C150300806998 /* TableView.swift in Sources */ = {isa = PBXBuildFile; fileRef = 297AA832283C150300806998 /* TableView.swift */; };
		297AA838283C227500806998 /* DetailsViewModel.swift in Sources */ = {isa = PBXBuildFile; fileRef = 297AA837283C227500806998 /* DetailsViewModel.swift */; };
		297AA83C283C23F400806998 /* ListModel.swift in Sources */ = {isa = PBXBuildFile; fileRef = 297AA83B283C23F400806998 /* ListModel.swift */; };
		2981E5DB2819D94C0015FF5D /* Request.swift in Sources */ = {isa = PBXBuildFile; fileRef = 2981E5DA2819D94C0015FF5D /* Request.swift */; };
		2981E5DE2819D97F0015FF5D /* Environment.swift in Sources */ = {isa = PBXBuildFile; fileRef = 2981E5DD2819D97F0015FF5D /* Environment.swift */; };
		2981E5E32819E0E40015FF5D /* APIConstants.swift in Sources */ = {isa = PBXBuildFile; fileRef = 2981E5E22819E0E40015FF5D /* APIConstants.swift */; };
		2981E5E8281AC4890015FF5D /* HomeViewModel.swift in Sources */ = {isa = PBXBuildFile; fileRef = 2981E5E7281AC4890015FF5D /* HomeViewModel.swift */; };
		2981E5EE281AD0F50015FF5D /* APIClient.swift in Sources */ = {isa = PBXBuildFile; fileRef = 2981E5ED281AD0F50015FF5D /* APIClient.swift */; };
		2981E5F1281C45200015FF5D /* CurlExtension.swift in Sources */ = {isa = PBXBuildFile; fileRef = 2981E5F0281C45200015FF5D /* CurlExtension.swift */; };
/* End PBXBuildFile section */

/* Begin PBXContainerItemProxy section */
		291C159A2818723000A89846 /* PBXContainerItemProxy */ = {
			isa = PBXContainerItemProxy;
			containerPortal = 291C15812818722E00A89846 /* Project object */;
			proxyType = 1;
			remoteGlobalIDString = 291C15882818722E00A89846;
			remoteInfo = stockProject;
		};
		291C15A42818723000A89846 /* PBXContainerItemProxy */ = {
			isa = PBXContainerItemProxy;
			containerPortal = 291C15812818722E00A89846 /* Project object */;
			proxyType = 1;
			remoteGlobalIDString = 291C15882818722E00A89846;
			remoteInfo = stockProject;
		};
/* End PBXContainerItemProxy section */

/* Begin PBXFileReference section */
		291C15892818722E00A89846 /* stockProject.app */ = {isa = PBXFileReference; explicitFileType = wrapper.application; includeInIndex = 0; path = stockProject.app; sourceTree = BUILT_PRODUCTS_DIR; };
		291C158C2818722E00A89846 /* stockProjectApp.swift */ = {isa = PBXFileReference; lastKnownFileType = sourcecode.swift; path = stockProjectApp.swift; sourceTree = "<group>"; };
		291C158E2818722E00A89846 /* ContentView.swift */ = {isa = PBXFileReference; lastKnownFileType = sourcecode.swift; path = ContentView.swift; sourceTree = "<group>"; };
		291C15902818723000A89846 /* Assets.xcassets */ = {isa = PBXFileReference; lastKnownFileType = folder.assetcatalog; path = Assets.xcassets; sourceTree = "<group>"; };
		291C15932818723000A89846 /* Preview Assets.xcassets */ = {isa = PBXFileReference; lastKnownFileType = folder.assetcatalog; path = "Preview Assets.xcassets"; sourceTree = "<group>"; };
		291C15992818723000A89846 /* stockProjectTests.xctest */ = {isa = PBXFileReference; explicitFileType = wrapper.cfbundle; includeInIndex = 0; path = stockProjectTests.xctest; sourceTree = BUILT_PRODUCTS_DIR; };
		291C159D2818723000A89846 /* stockProjectTests.swift */ = {isa = PBXFileReference; lastKnownFileType = sourcecode.swift; path = stockProjectTests.swift; sourceTree = "<group>"; };
		291C15A32818723000A89846 /* stockProjectUITests.xctest */ = {isa = PBXFileReference; explicitFileType = wrapper.cfbundle; includeInIndex = 0; path = stockProjectUITests.xctest; sourceTree = BUILT_PRODUCTS_DIR; };
		291C15A72818723000A89846 /* stockProjectUITests.swift */ = {isa = PBXFileReference; lastKnownFileType = sourcecode.swift; path = stockProjectUITests.swift; sourceTree = "<group>"; };
		291C15A92818723000A89846 /* stockProjectUITestsLaunchTests.swift */ = {isa = PBXFileReference; lastKnownFileType = sourcecode.swift; path = stockProjectUITestsLaunchTests.swift; sourceTree = "<group>"; };
		291C15BA281873DF00A89846 /* HomeView.swift */ = {isa = PBXFileReference; lastKnownFileType = sourcecode.swift; path = HomeView.swift; sourceTree = "<group>"; };
		291C15CA2819757100A89846 /* HomeTableView.swift */ = {isa = PBXFileReference; lastKnownFileType = sourcecode.swift; path = HomeTableView.swift; sourceTree = "<group>"; };
		291C15D32819D14B00A89846 /* NavigationMenuView.swift */ = {isa = PBXFileReference; lastKnownFileType = sourcecode.swift; path = NavigationMenuView.swift; sourceTree = "<group>"; };
		291FCB16282EC9C300F2FDC9 /* HomeTableRow.swift */ = {isa = PBXFileReference; lastKnownFileType = sourcecode.swift; path = HomeTableRow.swift; sourceTree = "<group>"; };
		29229650283EBF5300C5E888 /* DetailsShoppingListView.swift */ = {isa = PBXFileReference; lastKnownFileType = sourcecode.swift; path = DetailsShoppingListView.swift; sourceTree = "<group>"; };
		29267C4D283D288B0056704E /* DetailsView.swift */ = {isa = PBXFileReference; lastKnownFileType = sourcecode.swift; name = DetailsView.swift; path = Views/DetailsList/DetailsView.swift; sourceTree = "<group>"; };
		29267C53283D2BB60056704E /* AlertView.swift */ = {isa = PBXFileReference; lastKnownFileType = sourcecode.swift; path = AlertView.swift; sourceTree = "<group>"; };
		29267C56283D4A8C0056704E /* LabeledStepper.swift */ = {isa = PBXFileReference; lastKnownFileType = sourcecode.swift; path = LabeledStepper.swift; sourceTree = "<group>"; };
		29267C5D283D80700056704E /* DetailsData.swift */ = {isa = PBXFileReference; lastKnownFileType = sourcecode.swift; path = DetailsData.swift; sourceTree = "<group>"; };
		29550719281C7B1000DD090A /* DecodingError.swift */ = {isa = PBXFileReference; lastKnownFileType = sourcecode.swift; path = DecodingError.swift; sourceTree = "<group>"; };
		297AA832283C150300806998 /* TableView.swift */ = {isa = PBXFileReference; lastKnownFileType = sourcecode.swift; path = TableView.swift; sourceTree = "<group>"; };
		297AA837283C227500806998 /* DetailsViewModel.swift */ = {isa = PBXFileReference; lastKnownFileType = sourcecode.swift; path = DetailsViewModel.swift; sourceTree = "<group>"; };
		297AA83B283C23F400806998 /* ListModel.swift */ = {isa = PBXFileReference; lastKnownFileType = sourcecode.swift; path = ListModel.swift; sourceTree = "<group>"; };
		2981E5DA2819D94C0015FF5D /* Request.swift */ = {isa = PBXFileReference; lastKnownFileType = sourcecode.swift; path = Request.swift; sourceTree = "<group>"; };
		2981E5DD2819D97F0015FF5D /* Environment.swift */ = {isa = PBXFileReference; lastKnownFileType = sourcecode.swift; path = Environment.swift; sourceTree = "<group>"; };
		2981E5E22819E0E40015FF5D /* APIConstants.swift */ = {isa = PBXFileReference; lastKnownFileType = sourcecode.swift; path = APIConstants.swift; sourceTree = "<group>"; };
		2981E5E7281AC4890015FF5D /* HomeViewModel.swift */ = {isa = PBXFileReference; lastKnownFileType = sourcecode.swift; path = HomeViewModel.swift; sourceTree = "<group>"; };
		2981E5ED281AD0F50015FF5D /* APIClient.swift */ = {isa = PBXFileReference; lastKnownFileType = sourcecode.swift; path = APIClient.swift; sourceTree = "<group>"; };
		2981E5F0281C45200015FF5D /* CurlExtension.swift */ = {isa = PBXFileReference; lastKnownFileType = sourcecode.swift; path = CurlExtension.swift; sourceTree = "<group>"; };
/* End PBXFileReference section */

/* Begin PBXFrameworksBuildPhase section */
		291C15862818722E00A89846 /* Frameworks */ = {
			isa = PBXFrameworksBuildPhase;
			buildActionMask = 2147483647;
			files = (
			);
			runOnlyForDeploymentPostprocessing = 0;
		};
		291C15962818723000A89846 /* Frameworks */ = {
			isa = PBXFrameworksBuildPhase;
			buildActionMask = 2147483647;
			files = (
			);
			runOnlyForDeploymentPostprocessing = 0;
		};
		291C15A02818723000A89846 /* Frameworks */ = {
			isa = PBXFrameworksBuildPhase;
			buildActionMask = 2147483647;
			files = (
			);
			runOnlyForDeploymentPostprocessing = 0;
		};
/* End PBXFrameworksBuildPhase section */

/* Begin PBXGroup section */
		291C15802818722E00A89846 = {
			isa = PBXGroup;
			children = (
				291C158B2818722E00A89846 /* stockProject */,
				291C159C2818723000A89846 /* stockProjectTests */,
				291C15A62818723000A89846 /* stockProjectUITests */,
				291C158A2818722E00A89846 /* Products */,
			);
			sourceTree = "<group>";
		};
		291C158A2818722E00A89846 /* Products */ = {
			isa = PBXGroup;
			children = (
				291C15892818722E00A89846 /* stockProject.app */,
				291C15992818723000A89846 /* stockProjectTests.xctest */,
				291C15A32818723000A89846 /* stockProjectUITests.xctest */,
			);
			name = Products;
			sourceTree = "<group>";
		};
		291C158B2818722E00A89846 /* stockProject */ = {
			isa = PBXGroup;
			children = (
				297AA839283C23D800806998 /* Models */,
				2981E5D82819D9300015FF5D /* Views */,
				2981E5D92819D9380015FF5D /* Network */,
				2981E5DC2819D9670015FF5D /* Utils */,
				291C158C2818722E00A89846 /* stockProjectApp.swift */,
				291C158E2818722E00A89846 /* ContentView.swift */,
				291C15902818723000A89846 /* Assets.xcassets */,
				291C15922818723000A89846 /* Preview Content */,
			);
			path = stockProject;
			sourceTree = "<group>";
		};
		291C15922818723000A89846 /* Preview Content */ = {
			isa = PBXGroup;
			children = (
				291C15932818723000A89846 /* Preview Assets.xcassets */,
			);
			path = "Preview Content";
			sourceTree = "<group>";
		};
		291C159C2818723000A89846 /* stockProjectTests */ = {
			isa = PBXGroup;
			children = (
				291C159D2818723000A89846 /* stockProjectTests.swift */,
			);
			path = stockProjectTests;
			sourceTree = "<group>";
		};
		291C15A62818723000A89846 /* stockProjectUITests */ = {
			isa = PBXGroup;
			children = (
				291C15A72818723000A89846 /* stockProjectUITests.swift */,
				291C15A92818723000A89846 /* stockProjectUITestsLaunchTests.swift */,
			);
			path = stockProjectUITests;
			sourceTree = "<group>";
		};
		291C15B7281872BC00A89846 /* Home */ = {
			isa = PBXGroup;
			children = (
				291C15BA281873DF00A89846 /* HomeView.swift */,
				2981E5E7281AC4890015FF5D /* HomeViewModel.swift */,
				291C15B8281872C300A89846 /* Views */,
			);
			path = Home;
			sourceTree = "<group>";
		};
		291C15B8281872C300A89846 /* Views */ = {
			isa = PBXGroup;
			children = (
				291C15C92819756400A89846 /* HomeTable */,
				291C15D22819D13900A89846 /* NavigationMenu */,
			);
			path = Views;
			sourceTree = "<group>";
		};
		291C15BD28187BC300A89846 /* Shared */ = {
			isa = PBXGroup;
			children = (
				29267C55283D4A7A0056704E /* LabeledStepper */,
				29267C52283D2BA00056704E /* Alert */,
				297AA831283C14CA00806998 /* Table */,
			);
			path = Shared;
			sourceTree = "<group>";
		};
		291C15C92819756400A89846 /* HomeTable */ = {
			isa = PBXGroup;
			children = (
				291C15CA2819757100A89846 /* HomeTableView.swift */,
				291FCB16282EC9C300F2FDC9 /* HomeTableRow.swift */,
			);
			name = HomeTable;
			path = ../../Shared/HomeTable;
			sourceTree = "<group>";
		};
		291C15D22819D13900A89846 /* NavigationMenu */ = {
			isa = PBXGroup;
			children = (
				291C15D32819D14B00A89846 /* NavigationMenuView.swift */,
			);
			path = NavigationMenu;
			sourceTree = "<group>";
		};
		29267C49283D28360056704E /* Views */ = {
			isa = PBXGroup;
			children = (
				29267C4C283D28560056704E /* DetailsShoppingList */,
			);
			path = Views;
			sourceTree = "<group>";
		};
		29267C4C283D28560056704E /* DetailsShoppingList */ = {
			isa = PBXGroup;
			children = (
				29229650283EBF5300C5E888 /* DetailsShoppingListView.swift */,
			);
			path = DetailsShoppingList;
			sourceTree = "<group>";
		};
		29267C52283D2BA00056704E /* Alert */ = {
			isa = PBXGroup;
			children = (
				29267C53283D2BB60056704E /* AlertView.swift */,
			);
			path = Alert;
			sourceTree = "<group>";
		};
		29267C55283D4A7A0056704E /* LabeledStepper */ = {
			isa = PBXGroup;
			children = (
				29267C56283D4A8C0056704E /* LabeledStepper.swift */,
			);
			path = LabeledStepper;
			sourceTree = "<group>";
		};
		297AA831283C14CA00806998 /* Table */ = {
			isa = PBXGroup;
			children = (
				297AA832283C150300806998 /* TableView.swift */,
			);
			path = Table;
			sourceTree = "<group>";
		};
		297AA834283C214500806998 /* Details */ = {
			isa = PBXGroup;
			children = (
				29267C4D283D288B0056704E /* DetailsView.swift */,
				297AA837283C227500806998 /* DetailsViewModel.swift */,
				29267C49283D28360056704E /* Views */,
				29267C5D283D80700056704E /* DetailsData.swift */,
			);
			path = Details;
			sourceTree = "<group>";
		};
		297AA839283C23D800806998 /* Models */ = {
			isa = PBXGroup;
			children = (
				297AA83A283C23DF00806998 /* List */,
			);
			path = Models;
			sourceTree = "<group>";
		};
		297AA83A283C23DF00806998 /* List */ = {
			isa = PBXGroup;
			children = (
				297AA83B283C23F400806998 /* ListModel.swift */,
			);
			path = List;
			sourceTree = "<group>";
		};
		2981E5D82819D9300015FF5D /* Views */ = {
			isa = PBXGroup;
			children = (
				297AA834283C214500806998 /* Details */,
				291C15B7281872BC00A89846 /* Home */,
				291C15BD28187BC300A89846 /* Shared */,
			);
			path = Views;
			sourceTree = "<group>";
		};
		2981E5D92819D9380015FF5D /* Network */ = {
			isa = PBXGroup;
			children = (
				2981E5DA2819D94C0015FF5D /* Request.swift */,
				2981E5ED281AD0F50015FF5D /* APIClient.swift */,
				2981E5E22819E0E40015FF5D /* APIConstants.swift */,
			);
			path = Network;
			sourceTree = "<group>";
		};
		2981E5DC2819D9670015FF5D /* Utils */ = {
			isa = PBXGroup;
			children = (
				2981E5EF281C450F0015FF5D /* Development */,
				2981E5DD2819D97F0015FF5D /* Environment.swift */,
			);
			path = Utils;
			sourceTree = "<group>";
		};
		2981E5EF281C450F0015FF5D /* Development */ = {
			isa = PBXGroup;
			children = (
				2981E5F0281C45200015FF5D /* CurlExtension.swift */,
				29550719281C7B1000DD090A /* DecodingError.swift */,
			);
			path = Development;
			sourceTree = "<group>";
		};
/* End PBXGroup section */

/* Begin PBXNativeTarget section */
		291C15882818722E00A89846 /* stockProject */ = {
			isa = PBXNativeTarget;
			buildConfigurationList = 291C15AD2818723000A89846 /* Build configuration list for PBXNativeTarget "stockProject" */;
			buildPhases = (
				291C15852818722E00A89846 /* Sources */,
				291C15862818722E00A89846 /* Frameworks */,
				291C15872818722E00A89846 /* Resources */,
			);
			buildRules = (
			);
			dependencies = (
			);
			name = stockProject;
			productName = stockProject;
			productReference = 291C15892818722E00A89846 /* stockProject.app */;
			productType = "com.apple.product-type.application";
		};
		291C15982818723000A89846 /* stockProjectTests */ = {
			isa = PBXNativeTarget;
			buildConfigurationList = 291C15B02818723000A89846 /* Build configuration list for PBXNativeTarget "stockProjectTests" */;
			buildPhases = (
				291C15952818723000A89846 /* Sources */,
				291C15962818723000A89846 /* Frameworks */,
				291C15972818723000A89846 /* Resources */,
			);
			buildRules = (
			);
			dependencies = (
				291C159B2818723000A89846 /* PBXTargetDependency */,
			);
			name = stockProjectTests;
			productName = stockProjectTests;
			productReference = 291C15992818723000A89846 /* stockProjectTests.xctest */;
			productType = "com.apple.product-type.bundle.unit-test";
		};
		291C15A22818723000A89846 /* stockProjectUITests */ = {
			isa = PBXNativeTarget;
			buildConfigurationList = 291C15B32818723000A89846 /* Build configuration list for PBXNativeTarget "stockProjectUITests" */;
			buildPhases = (
				291C159F2818723000A89846 /* Sources */,
				291C15A02818723000A89846 /* Frameworks */,
				291C15A12818723000A89846 /* Resources */,
			);
			buildRules = (
			);
			dependencies = (
				291C15A52818723000A89846 /* PBXTargetDependency */,
			);
			name = stockProjectUITests;
			productName = stockProjectUITests;
			productReference = 291C15A32818723000A89846 /* stockProjectUITests.xctest */;
			productType = "com.apple.product-type.bundle.ui-testing";
		};
/* End PBXNativeTarget section */

/* Begin PBXProject section */
		291C15812818722E00A89846 /* Project object */ = {
			isa = PBXProject;
			attributes = {
				BuildIndependentTargetsInParallel = 1;
				LastSwiftUpdateCheck = 1330;
				LastUpgradeCheck = 1330;
				TargetAttributes = {
					291C15882818722E00A89846 = {
						CreatedOnToolsVersion = 13.3;
					};
					291C15982818723000A89846 = {
						CreatedOnToolsVersion = 13.3;
						TestTargetID = 291C15882818722E00A89846;
					};
					291C15A22818723000A89846 = {
						CreatedOnToolsVersion = 13.3;
						TestTargetID = 291C15882818722E00A89846;
					};
				};
			};
			buildConfigurationList = 291C15842818722E00A89846 /* Build configuration list for PBXProject "stockProject" */;
			compatibilityVersion = "Xcode 13.0";
			developmentRegion = en;
			hasScannedForEncodings = 0;
			knownRegions = (
				en,
				Base,
			);
			mainGroup = 291C15802818722E00A89846;
			productRefGroup = 291C158A2818722E00A89846 /* Products */;
			projectDirPath = "";
			projectRoot = "";
			targets = (
				291C15882818722E00A89846 /* stockProject */,
				291C15982818723000A89846 /* stockProjectTests */,
				291C15A22818723000A89846 /* stockProjectUITests */,
			);
		};
/* End PBXProject section */

/* Begin PBXResourcesBuildPhase section */
		291C15872818722E00A89846 /* Resources */ = {
			isa = PBXResourcesBuildPhase;
			buildActionMask = 2147483647;
			files = (
				291C15942818723000A89846 /* Preview Assets.xcassets in Resources */,
				291C15912818723000A89846 /* Assets.xcassets in Resources */,
			);
			runOnlyForDeploymentPostprocessing = 0;
		};
		291C15972818723000A89846 /* Resources */ = {
			isa = PBXResourcesBuildPhase;
			buildActionMask = 2147483647;
			files = (
			);
			runOnlyForDeploymentPostprocessing = 0;
		};
		291C15A12818723000A89846 /* Resources */ = {
			isa = PBXResourcesBuildPhase;
			buildActionMask = 2147483647;
			files = (
			);
			runOnlyForDeploymentPostprocessing = 0;
		};
/* End PBXResourcesBuildPhase section */

/* Begin PBXSourcesBuildPhase section */
		291C15852818722E00A89846 /* Sources */ = {
			isa = PBXSourcesBuildPhase;
			buildActionMask = 2147483647;
			files = (
				291C15CB2819757100A89846 /* HomeTableView.swift in Sources */,
				297AA838283C227500806998 /* DetailsViewModel.swift in Sources */,
				2981E5DE2819D97F0015FF5D /* Environment.swift in Sources */,
				29267C54283D2BB60056704E /* AlertView.swift in Sources */,
				291C15BB281873DF00A89846 /* HomeView.swift in Sources */,
				291C15D42819D14B00A89846 /* NavigationMenuView.swift in Sources */,
				2955071A281C7B1000DD090A /* DecodingError.swift in Sources */,
				2981E5F1281C45200015FF5D /* CurlExtension.swift in Sources */,
				291C158F2818722E00A89846 /* ContentView.swift in Sources */,
				29267C5E283D80700056704E /* DetailsData.swift in Sources */,
				2981E5DB2819D94C0015FF5D /* Request.swift in Sources */,
				2981E5E32819E0E40015FF5D /* APIConstants.swift in Sources */,
				29267C57283D4A8C0056704E /* LabeledStepper.swift in Sources */,
				29267C4E283D288B0056704E /* DetailsView.swift in Sources */,
				2981E5EE281AD0F50015FF5D /* APIClient.swift in Sources */,
				2981E5E8281AC4890015FF5D /* HomeViewModel.swift in Sources */,
				297AA833283C150300806998 /* TableView.swift in Sources */,
				291C158D2818722E00A89846 /* stockProjectApp.swift in Sources */,
				291FCB17282EC9C300F2FDC9 /* HomeTableRow.swift in Sources */,
				29229651283EBF5300C5E888 /* DetailsShoppingListView.swift in Sources */,
				297AA83C283C23F400806998 /* ListModel.swift in Sources */,
			);
			runOnlyForDeploymentPostprocessing = 0;
		};
		291C15952818723000A89846 /* Sources */ = {
			isa = PBXSourcesBuildPhase;
			buildActionMask = 2147483647;
			files = (
				291C159E2818723000A89846 /* stockProjectTests.swift in Sources */,
			);
			runOnlyForDeploymentPostprocessing = 0;
		};
		291C159F2818723000A89846 /* Sources */ = {
			isa = PBXSourcesBuildPhase;
			buildActionMask = 2147483647;
			files = (
				291C15A82818723000A89846 /* stockProjectUITests.swift in Sources */,
				291C15AA2818723000A89846 /* stockProjectUITestsLaunchTests.swift in Sources */,
			);
			runOnlyForDeploymentPostprocessing = 0;
		};
/* End PBXSourcesBuildPhase section */

/* Begin PBXTargetDependency section */
		291C159B2818723000A89846 /* PBXTargetDependency */ = {
			isa = PBXTargetDependency;
			target = 291C15882818722E00A89846 /* stockProject */;
			targetProxy = 291C159A2818723000A89846 /* PBXContainerItemProxy */;
		};
		291C15A52818723000A89846 /* PBXTargetDependency */ = {
			isa = PBXTargetDependency;
			target = 291C15882818722E00A89846 /* stockProject */;
			targetProxy = 291C15A42818723000A89846 /* PBXContainerItemProxy */;
		};
/* End PBXTargetDependency section */

/* Begin XCBuildConfiguration section */
		291C15AB2818723000A89846 /* Debug */ = {
			isa = XCBuildConfiguration;
			buildSettings = {
				ALWAYS_SEARCH_USER_PATHS = NO;
				CLANG_ANALYZER_NONNULL = YES;
				CLANG_ANALYZER_NUMBER_OBJECT_CONVERSION = YES_AGGRESSIVE;
				CLANG_CXX_LANGUAGE_STANDARD = "gnu++17";
				CLANG_ENABLE_MODULES = YES;
				CLANG_ENABLE_OBJC_ARC = YES;
				CLANG_ENABLE_OBJC_WEAK = YES;
				CLANG_WARN_BLOCK_CAPTURE_AUTORELEASING = YES;
				CLANG_WARN_BOOL_CONVERSION = YES;
				CLANG_WARN_COMMA = YES;
				CLANG_WARN_CONSTANT_CONVERSION = YES;
				CLANG_WARN_DEPRECATED_OBJC_IMPLEMENTATIONS = YES;
				CLANG_WARN_DIRECT_OBJC_ISA_USAGE = YES_ERROR;
				CLANG_WARN_DOCUMENTATION_COMMENTS = YES;
				CLANG_WARN_EMPTY_BODY = YES;
				CLANG_WARN_ENUM_CONVERSION = YES;
				CLANG_WARN_INFINITE_RECURSION = YES;
				CLANG_WARN_INT_CONVERSION = YES;
				CLANG_WARN_NON_LITERAL_NULL_CONVERSION = YES;
				CLANG_WARN_OBJC_IMPLICIT_RETAIN_SELF = YES;
				CLANG_WARN_OBJC_LITERAL_CONVERSION = YES;
				CLANG_WARN_OBJC_ROOT_CLASS = YES_ERROR;
				CLANG_WARN_QUOTED_INCLUDE_IN_FRAMEWORK_HEADER = YES;
				CLANG_WARN_RANGE_LOOP_ANALYSIS = YES;
				CLANG_WARN_STRICT_PROTOTYPES = YES;
				CLANG_WARN_SUSPICIOUS_MOVE = YES;
				CLANG_WARN_UNGUARDED_AVAILABILITY = YES_AGGRESSIVE;
				CLANG_WARN_UNREACHABLE_CODE = YES;
				CLANG_WARN__DUPLICATE_METHOD_MATCH = YES;
				COPY_PHASE_STRIP = NO;
				DEBUG_INFORMATION_FORMAT = dwarf;
				ENABLE_STRICT_OBJC_MSGSEND = YES;
				ENABLE_TESTABILITY = YES;
				GCC_C_LANGUAGE_STANDARD = gnu11;
				GCC_DYNAMIC_NO_PIC = NO;
				GCC_NO_COMMON_BLOCKS = YES;
				GCC_OPTIMIZATION_LEVEL = 0;
				GCC_PREPROCESSOR_DEFINITIONS = (
					"DEBUG=1",
					"$(inherited)",
				);
				GCC_WARN_64_TO_32_BIT_CONVERSION = YES;
				GCC_WARN_ABOUT_RETURN_TYPE = YES_ERROR;
				GCC_WARN_UNDECLARED_SELECTOR = YES;
				GCC_WARN_UNINITIALIZED_AUTOS = YES_AGGRESSIVE;
				GCC_WARN_UNUSED_FUNCTION = YES;
				GCC_WARN_UNUSED_VARIABLE = YES;
				IPHONEOS_DEPLOYMENT_TARGET = 15.4;
				MTL_ENABLE_DEBUG_INFO = INCLUDE_SOURCE;
				MTL_FAST_MATH = YES;
				ONLY_ACTIVE_ARCH = YES;
				SDKROOT = iphoneos;
				SWIFT_ACTIVE_COMPILATION_CONDITIONS = DEBUG;
				SWIFT_OPTIMIZATION_LEVEL = "-Onone";
			};
			name = Debug;
		};
		291C15AC2818723000A89846 /* Release */ = {
			isa = XCBuildConfiguration;
			buildSettings = {
				ALWAYS_SEARCH_USER_PATHS = NO;
				CLANG_ANALYZER_NONNULL = YES;
				CLANG_ANALYZER_NUMBER_OBJECT_CONVERSION = YES_AGGRESSIVE;
				CLANG_CXX_LANGUAGE_STANDARD = "gnu++17";
				CLANG_ENABLE_MODULES = YES;
				CLANG_ENABLE_OBJC_ARC = YES;
				CLANG_ENABLE_OBJC_WEAK = YES;
				CLANG_WARN_BLOCK_CAPTURE_AUTORELEASING = YES;
				CLANG_WARN_BOOL_CONVERSION = YES;
				CLANG_WARN_COMMA = YES;
				CLANG_WARN_CONSTANT_CONVERSION = YES;
				CLANG_WARN_DEPRECATED_OBJC_IMPLEMENTATIONS = YES;
				CLANG_WARN_DIRECT_OBJC_ISA_USAGE = YES_ERROR;
				CLANG_WARN_DOCUMENTATION_COMMENTS = YES;
				CLANG_WARN_EMPTY_BODY = YES;
				CLANG_WARN_ENUM_CONVERSION = YES;
				CLANG_WARN_INFINITE_RECURSION = YES;
				CLANG_WARN_INT_CONVERSION = YES;
				CLANG_WARN_NON_LITERAL_NULL_CONVERSION = YES;
				CLANG_WARN_OBJC_IMPLICIT_RETAIN_SELF = YES;
				CLANG_WARN_OBJC_LITERAL_CONVERSION = YES;
				CLANG_WARN_OBJC_ROOT_CLASS = YES_ERROR;
				CLANG_WARN_QUOTED_INCLUDE_IN_FRAMEWORK_HEADER = YES;
				CLANG_WARN_RANGE_LOOP_ANALYSIS = YES;
				CLANG_WARN_STRICT_PROTOTYPES = YES;
				CLANG_WARN_SUSPICIOUS_MOVE = YES;
				CLANG_WARN_UNGUARDED_AVAILABILITY = YES_AGGRESSIVE;
				CLANG_WARN_UNREACHABLE_CODE = YES;
				CLANG_WARN__DUPLICATE_METHOD_MATCH = YES;
				COPY_PHASE_STRIP = NO;
				DEBUG_INFORMATION_FORMAT = "dwarf-with-dsym";
				ENABLE_NS_ASSERTIONS = NO;
				ENABLE_STRICT_OBJC_MSGSEND = YES;
				GCC_C_LANGUAGE_STANDARD = gnu11;
				GCC_NO_COMMON_BLOCKS = YES;
				GCC_WARN_64_TO_32_BIT_CONVERSION = YES;
				GCC_WARN_ABOUT_RETURN_TYPE = YES_ERROR;
				GCC_WARN_UNDECLARED_SELECTOR = YES;
				GCC_WARN_UNINITIALIZED_AUTOS = YES_AGGRESSIVE;
				GCC_WARN_UNUSED_FUNCTION = YES;
				GCC_WARN_UNUSED_VARIABLE = YES;
				IPHONEOS_DEPLOYMENT_TARGET = 15.4;
				MTL_ENABLE_DEBUG_INFO = NO;
				MTL_FAST_MATH = YES;
				SDKROOT = iphoneos;
				SWIFT_COMPILATION_MODE = wholemodule;
				SWIFT_OPTIMIZATION_LEVEL = "-O";
				VALIDATE_PRODUCT = YES;
			};
			name = Release;
		};
		291C15AE2818723000A89846 /* Debug */ = {
			isa = XCBuildConfiguration;
			buildSettings = {
				ASSETCATALOG_COMPILER_APPICON_NAME = AppIcon;
				ASSETCATALOG_COMPILER_GLOBAL_ACCENT_COLOR_NAME = AccentColor;
				CODE_SIGN_STYLE = Automatic;
				CURRENT_PROJECT_VERSION = 1;
				DEVELOPMENT_ASSET_PATHS = "\"stockProject/Preview Content\"";
				DEVELOPMENT_TEAM = 34BX29F83H;
				ENABLE_PREVIEWS = YES;
				GENERATE_INFOPLIST_FILE = YES;
				INFOPLIST_KEY_UIApplicationSceneManifest_Generation = YES;
				INFOPLIST_KEY_UIApplicationSupportsIndirectInputEvents = YES;
				INFOPLIST_KEY_UILaunchScreen_Generation = YES;
				INFOPLIST_KEY_UISupportedInterfaceOrientations_iPad = "UIInterfaceOrientationPortrait UIInterfaceOrientationPortraitUpsideDown UIInterfaceOrientationLandscapeLeft UIInterfaceOrientationLandscapeRight";
				INFOPLIST_KEY_UISupportedInterfaceOrientations_iPhone = "UIInterfaceOrientationPortrait UIInterfaceOrientationLandscapeLeft UIInterfaceOrientationLandscapeRight";
				LD_RUNPATH_SEARCH_PATHS = (
					"$(inherited)",
					"@executable_path/Frameworks",
				);
				MARKETING_VERSION = 1.0;
				PRODUCT_BUNDLE_IDENTIFIER = startcode.stockProject;
				PRODUCT_NAME = "$(TARGET_NAME)";
				SWIFT_EMIT_LOC_STRINGS = YES;
				SWIFT_VERSION = 5.0;
				TARGETED_DEVICE_FAMILY = "1,2";
			};
			name = Debug;
		};
		291C15AF2818723000A89846 /* Release */ = {
			isa = XCBuildConfiguration;
			buildSettings = {
				ASSETCATALOG_COMPILER_APPICON_NAME = AppIcon;
				ASSETCATALOG_COMPILER_GLOBAL_ACCENT_COLOR_NAME = AccentColor;
				CODE_SIGN_STYLE = Automatic;
				CURRENT_PROJECT_VERSION = 1;
				DEVELOPMENT_ASSET_PATHS = "\"stockProject/Preview Content\"";
				DEVELOPMENT_TEAM = 34BX29F83H;
				ENABLE_PREVIEWS = YES;
				GENERATE_INFOPLIST_FILE = YES;
				INFOPLIST_KEY_UIApplicationSceneManifest_Generation = YES;
				INFOPLIST_KEY_UIApplicationSupportsIndirectInputEvents = YES;
				INFOPLIST_KEY_UILaunchScreen_Generation = YES;
				INFOPLIST_KEY_UISupportedInterfaceOrientations_iPad = "UIInterfaceOrientationPortrait UIInterfaceOrientationPortraitUpsideDown UIInterfaceOrientationLandscapeLeft UIInterfaceOrientationLandscapeRight";
				INFOPLIST_KEY_UISupportedInterfaceOrientations_iPhone = "UIInterfaceOrientationPortrait UIInterfaceOrientationLandscapeLeft UIInterfaceOrientationLandscapeRight";
				LD_RUNPATH_SEARCH_PATHS = (
					"$(inherited)",
					"@executable_path/Frameworks",
				);
				MARKETING_VERSION = 1.0;
				PRODUCT_BUNDLE_IDENTIFIER = startcode.stockProject;
				PRODUCT_NAME = "$(TARGET_NAME)";
				SWIFT_EMIT_LOC_STRINGS = YES;
				SWIFT_VERSION = 5.0;
				TARGETED_DEVICE_FAMILY = "1,2";
			};
			name = Release;
		};
		291C15B12818723000A89846 /* Debug */ = {
			isa = XCBuildConfiguration;
			buildSettings = {
				ALWAYS_EMBED_SWIFT_STANDARD_LIBRARIES = YES;
				BUNDLE_LOADER = "$(TEST_HOST)";
				CODE_SIGN_STYLE = Automatic;
				CURRENT_PROJECT_VERSION = 1;
				DEVELOPMENT_TEAM = 34BX29F83H;
				GENERATE_INFOPLIST_FILE = YES;
				IPHONEOS_DEPLOYMENT_TARGET = 15.4;
				MARKETING_VERSION = 1.0;
				PRODUCT_BUNDLE_IDENTIFIER = startcode.stockProjectTests;
				PRODUCT_NAME = "$(TARGET_NAME)";
				SWIFT_EMIT_LOC_STRINGS = NO;
				SWIFT_VERSION = 5.0;
				TARGETED_DEVICE_FAMILY = "1,2";
				TEST_HOST = "$(BUILT_PRODUCTS_DIR)/stockProject.app/stockProject";
			};
			name = Debug;
		};
		291C15B22818723000A89846 /* Release */ = {
			isa = XCBuildConfiguration;
			buildSettings = {
				ALWAYS_EMBED_SWIFT_STANDARD_LIBRARIES = YES;
				BUNDLE_LOADER = "$(TEST_HOST)";
				CODE_SIGN_STYLE = Automatic;
				CURRENT_PROJECT_VERSION = 1;
				DEVELOPMENT_TEAM = 34BX29F83H;
				GENERATE_INFOPLIST_FILE = YES;
				IPHONEOS_DEPLOYMENT_TARGET = 15.4;
				MARKETING_VERSION = 1.0;
				PRODUCT_BUNDLE_IDENTIFIER = startcode.stockProjectTests;
				PRODUCT_NAME = "$(TARGET_NAME)";
				SWIFT_EMIT_LOC_STRINGS = NO;
				SWIFT_VERSION = 5.0;
				TARGETED_DEVICE_FAMILY = "1,2";
				TEST_HOST = "$(BUILT_PRODUCTS_DIR)/stockProject.app/stockProject";
			};
			name = Release;
		};
		291C15B42818723000A89846 /* Debug */ = {
			isa = XCBuildConfiguration;
			buildSettings = {
				ALWAYS_EMBED_SWIFT_STANDARD_LIBRARIES = YES;
				CODE_SIGN_STYLE = Automatic;
				CURRENT_PROJECT_VERSION = 1;
				DEVELOPMENT_TEAM = 34BX29F83H;
				GENERATE_INFOPLIST_FILE = YES;
				MARKETING_VERSION = 1.0;
				PRODUCT_BUNDLE_IDENTIFIER = startcode.stockProjectUITests;
				PRODUCT_NAME = "$(TARGET_NAME)";
				SWIFT_EMIT_LOC_STRINGS = NO;
				SWIFT_VERSION = 5.0;
				TARGETED_DEVICE_FAMILY = "1,2";
				TEST_TARGET_NAME = stockProject;
			};
			name = Debug;
		};
		291C15B52818723000A89846 /* Release */ = {
			isa = XCBuildConfiguration;
			buildSettings = {
				ALWAYS_EMBED_SWIFT_STANDARD_LIBRARIES = YES;
				CODE_SIGN_STYLE = Automatic;
				CURRENT_PROJECT_VERSION = 1;
				DEVELOPMENT_TEAM = 34BX29F83H;
				GENERATE_INFOPLIST_FILE = YES;
				MARKETING_VERSION = 1.0;
				PRODUCT_BUNDLE_IDENTIFIER = startcode.stockProjectUITests;
				PRODUCT_NAME = "$(TARGET_NAME)";
				SWIFT_EMIT_LOC_STRINGS = NO;
				SWIFT_VERSION = 5.0;
				TARGETED_DEVICE_FAMILY = "1,2";
				TEST_TARGET_NAME = stockProject;
			};
			name = Release;
		};
/* End XCBuildConfiguration section */

/* Begin XCConfigurationList section */
		291C15842818722E00A89846 /* Build configuration list for PBXProject "stockProject" */ = {
			isa = XCConfigurationList;
			buildConfigurations = (
				291C15AB2818723000A89846 /* Debug */,
				291C15AC2818723000A89846 /* Release */,
			);
			defaultConfigurationIsVisible = 0;
			defaultConfigurationName = Release;
		};
		291C15AD2818723000A89846 /* Build configuration list for PBXNativeTarget "stockProject" */ = {
			isa = XCConfigurationList;
			buildConfigurations = (
				291C15AE2818723000A89846 /* Debug */,
				291C15AF2818723000A89846 /* Release */,
			);
			defaultConfigurationIsVisible = 0;
			defaultConfigurationName = Release;
		};
		291C15B02818723000A89846 /* Build configuration list for PBXNativeTarget "stockProjectTests" */ = {
			isa = XCConfigurationList;
			buildConfigurations = (
				291C15B12818723000A89846 /* Debug */,
				291C15B22818723000A89846 /* Release */,
			);
			defaultConfigurationIsVisible = 0;
			defaultConfigurationName = Release;
		};
		291C15B32818723000A89846 /* Build configuration list for PBXNativeTarget "stockProjectUITests" */ = {
			isa = XCConfigurationList;
			buildConfigurations = (
				291C15B42818723000A89846 /* Debug */,
				291C15B52818723000A89846 /* Release */,
			);
			defaultConfigurationIsVisible = 0;
			defaultConfigurationName = Release;
		};
/* End XCConfigurationList section */
	};
	rootObject = 291C15812818722E00A89846 /* Project object */;
}
